// !$*UTF8*$!
{
	archiveVersion = 1;
	classes = {
	};
	objectVersion = 46;
	objects = {

/* Begin PBXBuildFile section */
		5B77834E179C3BF600FD8847 /* CoreMotion.framework in Frameworks */ = {isa = PBXBuildFile; fileRef = 5B77834D179C3BF600FD8847 /* CoreMotion.framework */; };
		5B778351179C3C9E00FD8847 /* CMMotionManager+Shared.m in Sources */ = {isa = PBXBuildFile; fileRef = 5B778350179C3C9E00FD8847 /* CMMotionManager+Shared.m */; };
		5BB5752C179C0131001A08C8 /* UIKit.framework in Frameworks */ = {isa = PBXBuildFile; fileRef = 5BB5752B179C0131001A08C8 /* UIKit.framework */; };
		5BB5752E179C0131001A08C8 /* Foundation.framework in Frameworks */ = {isa = PBXBuildFile; fileRef = 5BB5752D179C0131001A08C8 /* Foundation.framework */; };
		5BB57530179C0131001A08C8 /* CoreGraphics.framework in Frameworks */ = {isa = PBXBuildFile; fileRef = 5BB5752F179C0131001A08C8 /* CoreGraphics.framework */; };
		5BB57536179C0131001A08C8 /* InfoPlist.strings in Resources */ = {isa = PBXBuildFile; fileRef = 5BB57534179C0131001A08C8 /* InfoPlist.strings */; };
		5BB57538179C0131001A08C8 /* main.m in Sources */ = {isa = PBXBuildFile; fileRef = 5BB57537179C0131001A08C8 /* main.m */; };
		5BB5753C179C0131001A08C8 /* KitchenSinkAppDelegate.m in Sources */ = {isa = PBXBuildFile; fileRef = 5BB5753B179C0131001A08C8 /* KitchenSinkAppDelegate.m */; };
		5BB5753E179C0131001A08C8 /* Default.png in Resources */ = {isa = PBXBuildFile; fileRef = 5BB5753D179C0131001A08C8 /* Default.png */; };
		5BB57540179C0131001A08C8 /* Default@2x.png in Resources */ = {isa = PBXBuildFile; fileRef = 5BB5753F179C0131001A08C8 /* Default@2x.png */; };
		5BB57542179C0131001A08C8 /* Default-568h@2x.png in Resources */ = {isa = PBXBuildFile; fileRef = 5BB57541179C0131001A08C8 /* Default-568h@2x.png */; };
		5BB57545179C0131001A08C8 /* MainStoryboard.storyboard in Resources */ = {isa = PBXBuildFile; fileRef = 5BB57543179C0131001A08C8 /* MainStoryboard.storyboard */; };
		5BB57548179C0131001A08C8 /* KitchenSinkViewController.m in Sources */ = {isa = PBXBuildFile; fileRef = 5BB57547179C0131001A08C8 /* KitchenSinkViewController.m */; };
		5BB57550179C029B001A08C8 /* AskerViewController.m in Sources */ = {isa = PBXBuildFile; fileRef = 5BB5754F179C029B001A08C8 /* AskerViewController.m */; };
		5BB57552179C02FB001A08C8 /* README in Resources */ = {isa = PBXBuildFile; fileRef = 5BB57551179C02FB001A08C8 /* README */; };
		5BB57554179C33F7001A08C8 /* MobileCoreServices.framework in Frameworks */ = {isa = PBXBuildFile; fileRef = 5BB57553179C33F7001A08C8 /* MobileCoreServices.framework */; };
/* End PBXBuildFile section */

/* Begin PBXFileReference section */
		5B77834D179C3BF600FD8847 /* CoreMotion.framework */ = {isa = PBXFileReference; lastKnownFileType = wrapper.framework; name = CoreMotion.framework; path = System/Library/Frameworks/CoreMotion.framework; sourceTree = SDKROOT; };
		5B77834F179C3C9E00FD8847 /* CMMotionManager+Shared.h */ = {isa = PBXFileReference; fileEncoding = 4; lastKnownFileType = sourcecode.c.h; path = "CMMotionManager+Shared.h"; sourceTree = "<group>"; };
		5B778350179C3C9E00FD8847 /* CMMotionManager+Shared.m */ = {isa = PBXFileReference; fileEncoding = 4; lastKnownFileType = sourcecode.c.objc; path = "CMMotionManager+Shared.m"; sourceTree = "<group>"; };
		5BB57528179C0131001A08C8 /* KitchenSink.app */ = {isa = PBXFileReference; explicitFileType = wrapper.application; includeInIndex = 0; path = KitchenSink.app; sourceTree = BUILT_PRODUCTS_DIR; };
		5BB5752B179C0131001A08C8 /* UIKit.framework */ = {isa = PBXFileReference; lastKnownFileType = wrapper.framework; name = UIKit.framework; path = System/Library/Frameworks/UIKit.framework; sourceTree = SDKROOT; };
		5BB5752D179C0131001A08C8 /* Foundation.framework */ = {isa = PBXFileReference; lastKnownFileType = wrapper.framework; name = Foundation.framework; path = System/Library/Frameworks/Foundation.framework; sourceTree = SDKROOT; };
		5BB5752F179C0131001A08C8 /* CoreGraphics.framework */ = {isa = PBXFileReference; lastKnownFileType = wrapper.framework; name = CoreGraphics.framework; path = System/Library/Frameworks/CoreGraphics.framework; sourceTree = SDKROOT; };
		5BB57533179C0131001A08C8 /* KitchenSink-Info.plist */ = {isa = PBXFileReference; lastKnownFileType = text.plist.xml; path = "KitchenSink-Info.plist"; sourceTree = "<group>"; };
		5BB57535179C0131001A08C8 /* en */ = {isa = PBXFileReference; lastKnownFileType = text.plist.strings; name = en; path = en.lproj/InfoPlist.strings; sourceTree = "<group>"; };
		5BB57537179C0131001A08C8 /* main.m */ = {isa = PBXFileReference; lastKnownFileType = sourcecode.c.objc; path = main.m; sourceTree = "<group>"; };
		5BB57539179C0131001A08C8 /* KitchenSink-Prefix.pch */ = {isa = PBXFileReference; lastKnownFileType = sourcecode.c.h; path = "KitchenSink-Prefix.pch"; sourceTree = "<group>"; };
		5BB5753A179C0131001A08C8 /* KitchenSinkAppDelegate.h */ = {isa = PBXFileReference; lastKnownFileType = sourcecode.c.h; path = KitchenSinkAppDelegate.h; sourceTree = "<group>"; };
		5BB5753B179C0131001A08C8 /* KitchenSinkAppDelegate.m */ = {isa = PBXFileReference; lastKnownFileType = sourcecode.c.objc; path = KitchenSinkAppDelegate.m; sourceTree = "<group>"; };
		5BB5753D179C0131001A08C8 /* Default.png */ = {isa = PBXFileReference; lastKnownFileType = image.png; path = Default.png; sourceTree = "<group>"; };
		5BB5753F179C0131001A08C8 /* Default@2x.png */ = {isa = PBXFileReference; lastKnownFileType = image.png; path = "Default@2x.png"; sourceTree = "<group>"; };
		5BB57541179C0131001A08C8 /* Default-568h@2x.png */ = {isa = PBXFileReference; lastKnownFileType = image.png; path = "Default-568h@2x.png"; sourceTree = "<group>"; };
		5BB57544179C0131001A08C8 /* en */ = {isa = PBXFileReference; lastKnownFileType = file.storyboard; name = en; path = en.lproj/MainStoryboard.storyboard; sourceTree = "<group>"; };
		5BB57546179C0131001A08C8 /* KitchenSinkViewController.h */ = {isa = PBXFileReference; lastKnownFileType = sourcecode.c.h; path = KitchenSinkViewController.h; sourceTree = "<group>"; };
		5BB57547179C0131001A08C8 /* KitchenSinkViewController.m */ = {isa = PBXFileReference; lastKnownFileType = sourcecode.c.objc; path = KitchenSinkViewController.m; sourceTree = "<group>"; };
		5BB5754E179C029B001A08C8 /* AskerViewController.h */ = {isa = PBXFileReference; fileEncoding = 4; lastKnownFileType = sourcecode.c.h; path = AskerViewController.h; sourceTree = "<group>"; };
		5BB5754F179C029B001A08C8 /* AskerViewController.m */ = {isa = PBXFileReference; fileEncoding = 4; lastKnownFileType = sourcecode.c.objc; path = AskerViewController.m; sourceTree = "<group>"; };
		5BB57551179C02FB001A08C8 /* README */ = {isa = PBXFileReference; fileEncoding = 4; lastKnownFileType = text; path = README; sourceTree = "<group>"; };
		5BB57553179C33F7001A08C8 /* MobileCoreServices.framework */ = {isa = PBXFileReference; lastKnownFileType = wrapper.framework; name = MobileCoreServices.framework; path = System/Library/Frameworks/MobileCoreServices.framework; sourceTree = SDKROOT; };
/* End PBXFileReference section */

/* Begin PBXFrameworksBuildPhase section */
		5BB57525179C0131001A08C8 /* Frameworks */ = {
			isa = PBXFrameworksBuildPhase;
			buildActionMask = 2147483647;
			files = (
				5B77834E179C3BF600FD8847 /* CoreMotion.framework in Frameworks */,
				5BB57554179C33F7001A08C8 /* MobileCoreServices.framework in Frameworks */,
				5BB5752C179C0131001A08C8 /* UIKit.framework in Frameworks */,
				5BB5752E179C0131001A08C8 /* Foundation.framework in Frameworks */,
				5BB57530179C0131001A08C8 /* CoreGraphics.framework in Frameworks */,
			);
			runOnlyForDeploymentPostprocessing = 0;
		};
/* End PBXFrameworksBuildPhase section */

/* Begin PBXGroup section */
		5BB5751F179C0131001A08C8 = {
			isa = PBXGroup;
			children = (
				5BB57551179C02FB001A08C8 /* README */,
				5BB57531179C0131001A08C8 /* KitchenSink */,
				5BB5752A179C0131001A08C8 /* Frameworks */,
				5BB57529179C0131001A08C8 /* Products */,
			);
			sourceTree = "<group>";
		};
		5BB57529179C0131001A08C8 /* Products */ = {
			isa = PBXGroup;
			children = (
				5BB57528179C0131001A08C8 /* KitchenSink.app */,
			);
			name = Products;
			sourceTree = "<group>";
		};
		5BB5752A179C0131001A08C8 /* Frameworks */ = {
			isa = PBXGroup;
			children = (
				5B77834D179C3BF600FD8847 /* CoreMotion.framework */,
				5BB57553179C33F7001A08C8 /* MobileCoreServices.framework */,
				5BB5752B179C0131001A08C8 /* UIKit.framework */,
				5BB5752D179C0131001A08C8 /* Foundation.framework */,
				5BB5752F179C0131001A08C8 /* CoreGraphics.framework */,
			);
			name = Frameworks;
			sourceTree = "<group>";
		};
		5BB57531179C0131001A08C8 /* KitchenSink */ = {
			isa = PBXGroup;
			children = (
				5BB5753A179C0131001A08C8 /* KitchenSinkAppDelegate.h */,
				5BB5753B179C0131001A08C8 /* KitchenSinkAppDelegate.m */,
				5BB57543179C0131001A08C8 /* MainStoryboard.storyboard */,
				5BB57546179C0131001A08C8 /* KitchenSinkViewController.h */,
				5BB57547179C0131001A08C8 /* KitchenSinkViewController.m */,
				5BB5754E179C029B001A08C8 /* AskerViewController.h */,
				5BB5754F179C029B001A08C8 /* AskerViewController.m */,
				5B77834F179C3C9E00FD8847 /* CMMotionManager+Shared.h */,
				5B778350179C3C9E00FD8847 /* CMMotionManager+Shared.m */,
				5BB57532179C0131001A08C8 /* Supporting Files */,
			);
			path = KitchenSink;
			sourceTree = "<group>";
		};
		5BB57532179C0131001A08C8 /* Supporting Files */ = {
			isa = PBXGroup;
			children = (
				5BB57533179C0131001A08C8 /* KitchenSink-Info.plist */,
				5BB57534179C0131001A08C8 /* InfoPlist.strings */,
				5BB57537179C0131001A08C8 /* main.m */,
				5BB57539179C0131001A08C8 /* KitchenSink-Prefix.pch */,
				5BB5753D179C0131001A08C8 /* Default.png */,
				5BB5753F179C0131001A08C8 /* Default@2x.png */,
				5BB57541179C0131001A08C8 /* Default-568h@2x.png */,
			);
			name = "Supporting Files";
			sourceTree = "<group>";
		};
/* End PBXGroup section */

/* Begin PBXNativeTarget section */
		5BB57527179C0131001A08C8 /* KitchenSink */ = {
			isa = PBXNativeTarget;
			buildConfigurationList = 5BB5754B179C0131001A08C8 /* Build configuration list for PBXNativeTarget "KitchenSink" */;
			buildPhases = (
				5BB57524179C0131001A08C8 /* Sources */,
				5BB57525179C0131001A08C8 /* Frameworks */,
				5BB57526179C0131001A08C8 /* Resources */,
			);
			buildRules = (
			);
			dependencies = (
			);
			name = KitchenSink;
			productName = KitchenSink;
			productReference = 5BB57528179C0131001A08C8 /* KitchenSink.app */;
			productType = "com.apple.product-type.application";
		};
/* End PBXNativeTarget section */

/* Begin PBXProject section */
		5BB57520179C0131001A08C8 /* Project object */ = {
			isa = PBXProject;
			attributes = {
				CLASSPREFIX = KitchenSink;
				LastUpgradeCheck = 0460;
				ORGANIZATIONNAME = "m2m server software gmbh";
			};
			buildConfigurationList = 5BB57523179C0131001A08C8 /* Build configuration list for PBXProject "KitchenSink" */;
			compatibilityVersion = "Xcode 3.2";
			developmentRegion = English;
			hasScannedForEncodings = 0;
			knownRegions = (
				en,
			);
			mainGroup = 5BB5751F179C0131001A08C8;
			productRefGroup = 5BB57529179C0131001A08C8 /* Products */;
			projectDirPath = "";
			projectRoot = "";
			targets = (
				5BB57527179C0131001A08C8 /* KitchenSink */,
			);
		};
/* End PBXProject section */

/* Begin PBXResourcesBuildPhase section */
		5BB57526179C0131001A08C8 /* Resources */ = {
			isa = PBXResourcesBuildPhase;
			buildActionMask = 2147483647;
			files = (
				5BB57536179C0131001A08C8 /* InfoPlist.strings in Resources */,
				5BB5753E179C0131001A08C8 /* Default.png in Resources */,
				5BB57540179C0131001A08C8 /* Default@2x.png in Resources */,
				5BB57542179C0131001A08C8 /* Default-568h@2x.png in Resources */,
				5BB57545179C0131001A08C8 /* MainStoryboard.storyboard in Resources */,
				5BB57552179C02FB001A08C8 /* README in Resources */,
			);
			runOnlyForDeploymentPostprocessing = 0;
		};
/* End PBXResourcesBuildPhase section */

/* Begin PBXSourcesBuildPhase section */
		5BB57524179C0131001A08C8 /* Sources */ = {
			isa = PBXSourcesBuildPhase;
			buildActionMask = 2147483647;
			files = (
				5BB57538179C0131001A08C8 /* main.m in Sources */,
				5BB5753C179C0131001A08C8 /* KitchenSinkAppDelegate.m in Sources */,
				5BB57548179C0131001A08C8 /* KitchenSinkViewController.m in Sources */,
				5BB57550179C029B001A08C8 /* AskerViewController.m in Sources */,
				5B778351179C3C9E00FD8847 /* CMMotionManager+Shared.m in Sources */,
			);
			runOnlyForDeploymentPostprocessing = 0;
		};
/* End PBXSourcesBuildPhase section */

/* Begin PBXVariantGroup section */
		5BB57534179C0131001A08C8 /* InfoPlist.strings */ = {
			isa = PBXVariantGroup;
			children = (
				5BB57535179C0131001A08C8 /* en */,
			);
			name = InfoPlist.strings;
			sourceTree = "<group>";
		};
		5BB57543179C0131001A08C8 /* MainStoryboard.storyboard */ = {
			isa = PBXVariantGroup;
			children = (
				5BB57544179C0131001A08C8 /* en */,
			);
			name = MainStoryboard.storyboard;
			sourceTree = "<group>";
		};
/* End PBXVariantGroup section */

/* Begin XCBuildConfiguration section */
		5BB57549179C0131001A08C8 /* Debug */ = {
			isa = XCBuildConfiguration;
			buildSettings = {
				ALWAYS_SEARCH_USER_PATHS = NO;
				CLANG_CXX_LANGUAGE_STANDARD = "gnu++0x";
				CLANG_CXX_LIBRARY = "libc++";
				CLANG_ENABLE_OBJC_ARC = YES;
				CLANG_WARN_CONSTANT_CONVERSION = YES;
				CLANG_WARN_EMPTY_BODY = YES;
				CLANG_WARN_ENUM_CONVERSION = YES;
				CLANG_WARN_INT_CONVERSION = YES;
				CLANG_WARN__DUPLICATE_METHOD_MATCH = YES;
				"CODE_SIGN_IDENTITY[sdk=iphoneos*]" = "iPhone Developer";
				COPY_PHASE_STRIP = NO;
				GCC_C_LANGUAGE_STANDARD = gnu99;
				GCC_DYNAMIC_NO_PIC = NO;
				GCC_OPTIMIZATION_LEVEL = 0;
				GCC_PREPROCESSOR_DEFINITIONS = (
					"DEBUG=1",
					"$(inherited)",
				);
				GCC_SYMBOLS_PRIVATE_EXTERN = NO;
				GCC_WARN_ABOUT_RETURN_TYPE = YES;
				GCC_WARN_UNINITIALIZED_AUTOS = YES;
				GCC_WARN_UNUSED_VARIABLE = YES;
				IPHONEOS_DEPLOYMENT_TARGET = 6.1;
				ONLY_ACTIVE_ARCH = YES;
				SDKROOT = iphoneos;
				TARGETED_DEVICE_FAMILY = 2;
			};
			name = Debug;
		};
		5BB5754A179C0131001A08C8 /* Release */ = {
			isa = XCBuildConfiguration;
			buildSettings = {
				ALWAYS_SEARCH_USER_PATHS = NO;
				CLANG_CXX_LANGUAGE_STANDARD = "gnu++0x";
				CLANG_CXX_LIBRARY = "libc++";
				CLANG_ENABLE_OBJC_ARC = YES;
				CLANG_WARN_CONSTANT_CONVERSION = YES;
				CLANG_WARN_EMPTY_BODY = YES;
				CLANG_WARN_ENUM_CONVERSION = YES;
				CLANG_WARN_INT_CONVERSION = YES;
				CLANG_WARN__DUPLICATE_METHOD_MATCH = YES;
				"CODE_SIGN_IDENTITY[sdk=iphoneos*]" = "iPhone Developer";
				COPY_PHASE_STRIP = YES;
				GCC_C_LANGUAGE_STANDARD = gnu99;
				GCC_WARN_ABOUT_RETURN_TYPE = YES;
				GCC_WARN_UNINITIALIZED_AUTOS = YES;
				GCC_WARN_UNUSED_VARIABLE = YES;
				IPHONEOS_DEPLOYMENT_TARGET = 6.1;
				OTHER_CFLAGS = "-DNS_BLOCK_ASSERTIONS=1";
				SDKROOT = iphoneos;
				TARGETED_DEVICE_FAMILY = 2;
				VALIDATE_PRODUCT = YES;
			};
			name = Release;
		};
		5BB5754C179C0131001A08C8 /* Debug */ = {
			isa = XCBuildConfiguration;
			buildSettings = {
				GCC_PRECOMPILE_PREFIX_HEADER = YES;
				GCC_PREFIX_HEADER = "KitchenSink/KitchenSink-Prefix.pch";
				INFOPLIST_FILE = "KitchenSink/KitchenSink-Info.plist";
				PRODUCT_NAME = "$(TARGET_NAME)";
				WRAPPER_EXTENSION = app;
			};
			name = Debug;
		};
		5BB5754D179C0131001A08C8 /* Release */ = {
			isa = XCBuildConfiguration;
			buildSettings = {
				GCC_PRECOMPILE_PREFIX_HEADER = YES;
				GCC_PREFIX_HEADER = "KitchenSink/KitchenSink-Prefix.pch";
				INFOPLIST_FILE = "KitchenSink/KitchenSink-Info.plist";
				PRODUCT_NAME = "$(TARGET_NAME)";
				WRAPPER_EXTENSION = app;
			};
			name = Release;
		};
/* End XCBuildConfiguration section */

/* Begin XCConfigurationList section */
		5BB57523179C0131001A08C8 /* Build configuration list for PBXProject "KitchenSink" */ = {
			isa = XCConfigurationList;
			buildConfigurations = (
				5BB57549179C0131001A08C8 /* Debug */,
				5BB5754A179C0131001A08C8 /* Release */,
			);
			defaultConfigurationIsVisible = 0;
			defaultConfigurationName = Release;
		};
		5BB5754B179C0131001A08C8 /* Build configuration list for PBXNativeTarget "KitchenSink" */ = {
			isa = XCConfigurationList;
			buildConfigurations = (
				5BB5754C179C0131001A08C8 /* Debug */,
				5BB5754D179C0131001A08C8 /* Release */,
			);
			defaultConfigurationIsVisible = 0;
			defaultConfigurationName = Release;
		};
/* End XCConfigurationList section */
	};
	rootObject = 5BB57520179C0131001A08C8 /* Project object */;
}
